
Microsoft Visual Studio Solution File, Format Version 12.00
# Visual Studio Version 17
VisualStudioVersion = 17.5.002.0
MinimumVisualStudioVersion = 10.0.40219.1
Project("{9A19103F-16F7-4668-BE54-9A1E7A4F7556}") = "BookShoppingCartMvcUI", "BookShoppingCartMvcUI.csproj", "{0CC78DDF-4817-43AC-9B50-F48EA9EB94BC}"
EndProject
Global
	GlobalSection(SolutionConfigurationPlatforms) = preSolution
		Debug|Any CPU = Debug|Any CPU
		Release|Any CPU = Release|Any CPU
	EndGlobalSection
	GlobalSection(ProjectConfigurationPlatforms) = postSolution
		{0CC78DDF-4817-43AC-9B50-F48EA9EB94BC}.Debug|Any CPU.ActiveCfg = Debug|Any CPU
		{0CC78DDF-4817-43AC-9B50-F48EA9EB94BC}.Debug|Any CPU.Build.0 = Debug|Any CPU
		{0CC78DDF-4817-43AC-9B50-F48EA9EB94BC}.Release|Any CPU.ActiveCfg = Release|Any CPU
		{0CC78DDF-4817-43AC-9B50-F48EA9EB94BC}.Release|Any CPU.Build.0 = Release|Any CPU
	EndGlobalSection
	GlobalSection(SolutionProperties) = preSolution
		HideSolutionNode = FALSE
	EndGlobalSection
	GlobalSection(ExtensibilityGlobals) = postSolution
		SolutionGuid = {B6F3483D-D5AC-4994-9CFF-228333858A26}
	EndGlobalSection
EndGlobal
